// !$*UTF8*$!
{
	archiveVersion = 1;
	classes = {
	};
	objectVersion = 55;
	objects = {

/* Begin PBXBuildFile section */
		FA5366452842918E0074C63D /* AudioPlayer.swift in Sources */ = {isa = PBXBuildFile; fileRef = FA5366442842918E0074C63D /* AudioPlayer.swift */; };
		FAB6D6D6281A8F6900D9B868 /* RestartApp.swift in Sources */ = {isa = PBXBuildFile; fileRef = FAB6D6D5281A8F6900D9B868 /* RestartApp.swift */; };
		FAB6D6D8281A8F6900D9B868 /* ContentView.swift in Sources */ = {isa = PBXBuildFile; fileRef = FAB6D6D7281A8F6900D9B868 /* ContentView.swift */; };
		FAB6D6DA281A8F6C00D9B868 /* Assets.xcassets in Resources */ = {isa = PBXBuildFile; fileRef = FAB6D6D9281A8F6C00D9B868 /* Assets.xcassets */; };
		FAB6D6DD281A8F6C00D9B868 /* Preview Assets.xcassets in Resources */ = {isa = PBXBuildFile; fileRef = FAB6D6DC281A8F6C00D9B868 /* Preview Assets.xcassets */; };
		FAB6D6E5281A903A00D9B868 /* success.m4a in Resources */ = {isa = PBXBuildFile; fileRef = FAB6D6E3281A903A00D9B868 /* success.m4a */; };
		FAB6D6E6281A903A00D9B868 /* chimeup.mp3 in Resources */ = {isa = PBXBuildFile; fileRef = FAB6D6E4281A903A00D9B868 /* chimeup.mp3 */; };
		FAB6D6ED281A959F00D9B868 /* OnboardingView.swift in Sources */ = {isa = PBXBuildFile; fileRef = FAB6D6EC281A959F00D9B868 /* OnboardingView.swift */; };
		FAB6D6EF281A95B800D9B868 /* HomeView.swift in Sources */ = {isa = PBXBuildFile; fileRef = FAB6D6EE281A95B800D9B868 /* HomeView.swift */; };
		FAB6D6F1281B1FF600D9B868 /* CircleGroupView.swift in Sources */ = {isa = PBXBuildFile; fileRef = FAB6D6F0281B1FF600D9B868 /* CircleGroupView.swift */; };
/* End PBXBuildFile section */

/* Begin PBXFileReference section */
		FA5366442842918E0074C63D /* AudioPlayer.swift */ = {isa = PBXFileReference; lastKnownFileType = sourcecode.swift; path = AudioPlayer.swift; sourceTree = "<group>"; };
		FAB6D6D2281A8F6900D9B868 /* Restart.app */ = {isa = PBXFileReference; explicitFileType = wrapper.application; includeInIndex = 0; path = Restart.app; sourceTree = BUILT_PRODUCTS_DIR; };
		FAB6D6D5281A8F6900D9B868 /* RestartApp.swift */ = {isa = PBXFileReference; lastKnownFileType = sourcecode.swift; path = RestartApp.swift; sourceTree = "<group>"; };
		FAB6D6D7281A8F6900D9B868 /* ContentView.swift */ = {isa = PBXFileReference; lastKnownFileType = sourcecode.swift; path = ContentView.swift; sourceTree = "<group>"; };
		FAB6D6D9281A8F6C00D9B868 /* Assets.xcassets */ = {isa = PBXFileReference; lastKnownFileType = folder.assetcatalog; path = Assets.xcassets; sourceTree = "<group>"; };
		FAB6D6DC281A8F6C00D9B868 /* Preview Assets.xcassets */ = {isa = PBXFileReference; lastKnownFileType = folder.assetcatalog; path = "Preview Assets.xcassets"; sourceTree = "<group>"; };
		FAB6D6E3281A903A00D9B868 /* success.m4a */ = {isa = PBXFileReference; lastKnownFileType = file; path = success.m4a; sourceTree = "<group>"; };
		FAB6D6E4281A903A00D9B868 /* chimeup.mp3 */ = {isa = PBXFileReference; lastKnownFileType = audio.mp3; path = chimeup.mp3; sourceTree = "<group>"; };
		FAB6D6EB281A951300D9B868 /* Info.plist */ = {isa = PBXFileReference; lastKnownFileType = text.plist; path = Info.plist; sourceTree = "<group>"; };
		FAB6D6EC281A959F00D9B868 /* OnboardingView.swift */ = {isa = PBXFileReference; lastKnownFileType = sourcecode.swift; path = OnboardingView.swift; sourceTree = "<group>"; };
		FAB6D6EE281A95B800D9B868 /* HomeView.swift */ = {isa = PBXFileReference; lastKnownFileType = sourcecode.swift; path = HomeView.swift; sourceTree = "<group>"; };
		FAB6D6F0281B1FF600D9B868 /* CircleGroupView.swift */ = {isa = PBXFileReference; lastKnownFileType = sourcecode.swift; path = CircleGroupView.swift; sourceTree = "<group>"; };
/* End PBXFileReference section */

/* Begin PBXFrameworksBuildPhase section */
		FAB6D6CF281A8F6900D9B868 /* Frameworks */ = {
			isa = PBXFrameworksBuildPhase;
			buildActionMask = 2147483647;
			files = (
			);
			runOnlyForDeploymentPostprocessing = 0;
		};
/* End PBXFrameworksBuildPhase section */

/* Begin PBXGroup section */
		FAB6D6C9281A8F6900D9B868 = {
			isa = PBXGroup;
			children = (
				FAB6D6D4281A8F6900D9B868 /* Restart */,
				FAB6D6D3281A8F6900D9B868 /* Products */,
			);
			sourceTree = "<group>";
		};
		FAB6D6D3281A8F6900D9B868 /* Products */ = {
			isa = PBXGroup;
			children = (
				FAB6D6D2281A8F6900D9B868 /* Restart.app */,
			);
			name = Products;
			sourceTree = "<group>";
		};
		FAB6D6D4281A8F6900D9B868 /* Restart */ = {
			isa = PBXGroup;
			children = (
				FAB6D6EB281A951300D9B868 /* Info.plist */,
				FAB6D6EA281A92B000D9B868 /* Utilities */,
				FAB6D6E9281A929200D9B868 /* Views */,
				FAB6D6E7281A906400D9B868 /* Sounds */,
				FAB6D6D5281A8F6900D9B868 /* RestartApp.swift */,
				FAB6D6E8281A927900D9B868 /* Screens */,
				FAB6D6D9281A8F6C00D9B868 /* Assets.xcassets */,
				FAB6D6DB281A8F6C00D9B868 /* Preview Content */,
			);
			path = Restart;
			sourceTree = "<group>";
		};
		FAB6D6DB281A8F6C00D9B868 /* Preview Content */ = {
			isa = PBXGroup;
			children = (
				FAB6D6DC281A8F6C00D9B868 /* Preview Assets.xcassets */,
			);
			path = "Preview Content";
			sourceTree = "<group>";
		};
		FAB6D6E7281A906400D9B868 /* Sounds */ = {
			isa = PBXGroup;
			children = (
				FAB6D6E4281A903A00D9B868 /* chimeup.mp3 */,
				FAB6D6E3281A903A00D9B868 /* success.m4a */,
			);
			path = Sounds;
			sourceTree = "<group>";
		};
		FAB6D6E8281A927900D9B868 /* Screens */ = {
			isa = PBXGroup;
			children = (
				FAB6D6D7281A8F6900D9B868 /* ContentView.swift */,
				FAB6D6EC281A959F00D9B868 /* OnboardingView.swift */,
				FAB6D6EE281A95B800D9B868 /* HomeView.swift */,
			);
			path = Screens;
			sourceTree = "<group>";
		};
		FAB6D6E9281A929200D9B868 /* Views */ = {
			isa = PBXGroup;
			children = (
				FAB6D6F0281B1FF600D9B868 /* CircleGroupView.swift */,
			);
			path = Views;
			sourceTree = "<group>";
		};
		FAB6D6EA281A92B000D9B868 /* Utilities */ = {
			isa = PBXGroup;
			children = (
				FA5366442842918E0074C63D /* AudioPlayer.swift */,
			);
			path = Utilities;
			sourceTree = "<group>";
		};
/* End PBXGroup section */

/* Begin PBXNativeTarget section */
		FAB6D6D1281A8F6900D9B868 /* Restart */ = {
			isa = PBXNativeTarget;
			buildConfigurationList = FAB6D6E0281A8F6C00D9B868 /* Build configuration list for PBXNativeTarget "Restart" */;
			buildPhases = (
				FAB6D6CE281A8F6900D9B868 /* Sources */,
				FAB6D6CF281A8F6900D9B868 /* Frameworks */,
				FAB6D6D0281A8F6900D9B868 /* Resources */,
			);
			buildRules = (
			);
			dependencies = (
			);
			name = Restart;
			productName = Restart;
			productReference = FAB6D6D2281A8F6900D9B868 /* Restart.app */;
			productType = "com.apple.product-type.application";
		};
/* End PBXNativeTarget section */

/* Begin PBXProject section */
		FAB6D6CA281A8F6900D9B868 /* Project object */ = {
			isa = PBXProject;
			attributes = {
				BuildIndependentTargetsInParallel = 1;
				LastSwiftUpdateCheck = 1330;
				LastUpgradeCheck = 1330;
				TargetAttributes = {
					FAB6D6D1281A8F6900D9B868 = {
						CreatedOnToolsVersion = 13.3.1;
					};
				};
			};
			buildConfigurationList = FAB6D6CD281A8F6900D9B868 /* Build configuration list for PBXProject "Restart" */;
			compatibilityVersion = "Xcode 13.0";
			developmentRegion = en;
			hasScannedForEncodings = 0;
			knownRegions = (
				en,
				Base,
			);
			mainGroup = FAB6D6C9281A8F6900D9B868;
			productRefGroup = FAB6D6D3281A8F6900D9B868 /* Products */;
			projectDirPath = "";
			projectRoot = "";
			targets = (
				FAB6D6D1281A8F6900D9B868 /* Restart */,
			);
		};
/* End PBXProject section */

/* Begin PBXResourcesBuildPhase section */
		FAB6D6D0281A8F6900D9B868 /* Resources */ = {
			isa = PBXResourcesBuildPhase;
			buildActionMask = 2147483647;
			files = (
				FAB6D6E6281A903A00D9B868 /* chimeup.mp3 in Resources */,
				FAB6D6DD281A8F6C00D9B868 /* Preview Assets.xcassets in Resources */,
				FAB6D6E5281A903A00D9B868 /* success.m4a in Resources */,
				FAB6D6DA281A8F6C00D9B868 /* Assets.xcassets in Resources */,
			);
			runOnlyForDeploymentPostprocessing = 0;
		};
/* End PBXResourcesBuildPhase section */

/* Begin PBXSourcesBuildPhase section */
		FAB6D6CE281A8F6900D9B868 /* Sources */ = {
			isa = PBXSourcesBuildPhase;
			buildActionMask = 2147483647;
			files = (
				FAB6D6F1281B1FF600D9B868 /* CircleGroupView.swift in Sources */,
				FAB6D6ED281A959F00D9B868 /* OnboardingView.swift in Sources */,
				FAB6D6EF281A95B800D9B868 /* HomeView.swift in Sources */,
				FAB6D6D8281A8F6900D9B868 /* ContentView.swift in Sources */,
				FAB6D6D6281A8F6900D9B868 /* RestartApp.swift in Sources */,
				FA5366452842918E0074C63D /* AudioPlayer.swift in Sources */,
			);
			runOnlyForDeploymentPostprocessing = 0;
		};
/* End PBXSourcesBuildPhase section */

/* Begin XCBuildConfiguration section */
		FAB6D6DE281A8F6C00D9B868 /* Debug */ = {
			isa = XCBuildConfiguration;
			buildSettings = {
				ALWAYS_SEARCH_USER_PATHS = NO;
				CLANG_ANALYZER_NONNULL = YES;
				CLANG_ANALYZER_NUMBER_OBJECT_CONVERSION = YES_AGGRESSIVE;
				CLANG_CXX_LANGUAGE_STANDARD = "gnu++17";
				CLANG_ENABLE_MODULES = YES;
				CLANG_ENABLE_OBJC_ARC = YES;
				CLANG_ENABLE_OBJC_WEAK = YES;
				CLANG_WARN_BLOCK_CAPTURE_AUTORELEASING = YES;
				CLANG_WARN_BOOL_CONVERSION = YES;
				CLANG_WARN_COMMA = YES;
				CLANG_WARN_CONSTANT_CONVERSION = YES;
				CLANG_WARN_DEPRECATED_OBJC_IMPLEMENTATIONS = YES;
				CLANG_WARN_DIRECT_OBJC_ISA_USAGE = YES_ERROR;
				CLANG_WARN_DOCUMENTATION_COMMENTS = YES;
				CLANG_WARN_EMPTY_BODY = YES;
				CLANG_WARN_ENUM_CONVERSION = YES;
				CLANG_WARN_INFINITE_RECURSION = YES;
				CLANG_WARN_INT_CONVERSION = YES;
				CLANG_WARN_NON_LITERAL_NULL_CONVERSION = YES;
				CLANG_WARN_OBJC_IMPLICIT_RETAIN_SELF = YES;
				CLANG_WARN_OBJC_LITERAL_CONVERSION = YES;
				CLANG_WARN_OBJC_ROOT_CLASS = YES_ERROR;
				CLANG_WARN_QUOTED_INCLUDE_IN_FRAMEWORK_HEADER = YES;
				CLANG_WARN_RANGE_LOOP_ANALYSIS = YES;
				CLANG_WARN_STRICT_PROTOTYPES = YES;
				CLANG_WARN_SUSPICIOUS_MOVE = YES;
				CLANG_WARN_UNGUARDED_AVAILABILITY = YES_AGGRESSIVE;
				CLANG_WARN_UNREACHABLE_CODE = YES;
				CLANG_WARN__DUPLICATE_METHOD_MATCH = YES;
				COPY_PHASE_STRIP = NO;
				DEBUG_INFORMATION_FORMAT = dwarf;
				ENABLE_STRICT_OBJC_MSGSEND = YES;
				ENABLE_TESTABILITY = YES;
				GCC_C_LANGUAGE_STANDARD = gnu11;
				GCC_DYNAMIC_NO_PIC = NO;
				GCC_NO_COMMON_BLOCKS = YES;
				GCC_OPTIMIZATION_LEVEL = 0;
				GCC_PREPROCESSOR_DEFINITIONS = (
					"DEBUG=1",
					"$(inherited)",
				);
				GCC_WARN_64_TO_32_BIT_CONVERSION = YES;
				GCC_WARN_ABOUT_RETURN_TYPE = YES_ERROR;
				GCC_WARN_UNDECLARED_SELECTOR = YES;
				GCC_WARN_UNINITIALIZED_AUTOS = YES_AGGRESSIVE;
				GCC_WARN_UNUSED_FUNCTION = YES;
				GCC_WARN_UNUSED_VARIABLE = YES;
				IPHONEOS_DEPLOYMENT_TARGET = 15.4;
				MTL_ENABLE_DEBUG_INFO = INCLUDE_SOURCE;
				MTL_FAST_MATH = YES;
				ONLY_ACTIVE_ARCH = YES;
				SDKROOT = iphoneos;
				SWIFT_ACTIVE_COMPILATION_CONDITIONS = DEBUG;
				SWIFT_OPTIMIZATION_LEVEL = "-Onone";
			};
			name = Debug;
		};
		FAB6D6DF281A8F6C00D9B868 /* Release */ = {
			isa = XCBuildConfiguration;
			buildSettings = {
				ALWAYS_SEARCH_USER_PATHS = NO;
				CLANG_ANALYZER_NONNULL = YES;
				CLANG_ANALYZER_NUMBER_OBJECT_CONVERSION = YES_AGGRESSIVE;
				CLANG_CXX_LANGUAGE_STANDARD = "gnu++17";
				CLANG_ENABLE_MODULES = YES;
				CLANG_ENABLE_OBJC_ARC = YES;
				CLANG_ENABLE_OBJC_WEAK = YES;
				CLANG_WARN_BLOCK_CAPTURE_AUTORELEASING = YES;
				CLANG_WARN_BOOL_CONVERSION = YES;
				CLANG_WARN_COMMA = YES;
				CLANG_WARN_CONSTANT_CONVERSION = YES;
				CLANG_WARN_DEPRECATED_OBJC_IMPLEMENTATIONS = YES;
				CLANG_WARN_DIRECT_OBJC_ISA_USAGE = YES_ERROR;
				CLANG_WARN_DOCUMENTATION_COMMENTS = YES;
				CLANG_WARN_EMPTY_BODY = YES;
				CLANG_WARN_ENUM_CONVERSION = YES;
				CLANG_WARN_INFINITE_RECURSION = YES;
				CLANG_WARN_INT_CONVERSION = YES;
				CLANG_WARN_NON_LITERAL_NULL_CONVERSION = YES;
				CLANG_WARN_OBJC_IMPLICIT_RETAIN_SELF = YES;
				CLANG_WARN_OBJC_LITERAL_CONVERSION = YES;
				CLANG_WARN_OBJC_ROOT_CLASS = YES_ERROR;
				CLANG_WARN_QUOTED_INCLUDE_IN_FRAMEWORK_HEADER = YES;
				CLANG_WARN_RANGE_LOOP_ANALYSIS = YES;
				CLANG_WARN_STRICT_PROTOTYPES = YES;
				CLANG_WARN_SUSPICIOUS_MOVE = YES;
				CLANG_WARN_UNGUARDED_AVAILABILITY = YES_AGGRESSIVE;
				CLANG_WARN_UNREACHABLE_CODE = YES;
				CLANG_WARN__DUPLICATE_METHOD_MATCH = YES;
				COPY_PHASE_STRIP = NO;
				DEBUG_INFORMATION_FORMAT = "dwarf-with-dsym";
				ENABLE_NS_ASSERTIONS = NO;
				ENABLE_STRICT_OBJC_MSGSEND = YES;
				GCC_C_LANGUAGE_STANDARD = gnu11;
				GCC_NO_COMMON_BLOCKS = YES;
				GCC_WARN_64_TO_32_BIT_CONVERSION = YES;
				GCC_WARN_ABOUT_RETURN_TYPE = YES_ERROR;
				GCC_WARN_UNDECLARED_SELECTOR = YES;
				GCC_WARN_UNINITIALIZED_AUTOS = YES_AGGRESSIVE;
				GCC_WARN_UNUSED_FUNCTION = YES;
				GCC_WARN_UNUSED_VARIABLE = YES;
				IPHONEOS_DEPLOYMENT_TARGET = 15.4;
				MTL_ENABLE_DEBUG_INFO = NO;
				MTL_FAST_MATH = YES;
				SDKROOT = iphoneos;
				SWIFT_COMPILATION_MODE = wholemodule;
				SWIFT_OPTIMIZATION_LEVEL = "-O";
				VALIDATE_PRODUCT = YES;
			};
			name = Release;
		};
		FAB6D6E1281A8F6C00D9B868 /* Debug */ = {
			isa = XCBuildConfiguration;
			buildSettings = {
				ASSETCATALOG_COMPILER_APPICON_NAME = AppIcon;
				ASSETCATALOG_COMPILER_GLOBAL_ACCENT_COLOR_NAME = AccentColor;
				CODE_SIGN_STYLE = Automatic;
				CURRENT_PROJECT_VERSION = 1;
				DEVELOPMENT_ASSET_PATHS = "\"Restart/Preview Content\"";
				ENABLE_PREVIEWS = YES;
				GENERATE_INFOPLIST_FILE = YES;
				INFOPLIST_FILE = Restart/Info.plist;
				INFOPLIST_KEY_UIApplicationSceneManifest_Generation = YES;
				INFOPLIST_KEY_UIApplicationSupportsIndirectInputEvents = YES;
				INFOPLIST_KEY_UISupportedInterfaceOrientations = UIInterfaceOrientationPortrait;
				INFOPLIST_KEY_UISupportedInterfaceOrientations_iPad = "UIInterfaceOrientationPortrait UIInterfaceOrientationPortraitUpsideDown UIInterfaceOrientationLandscapeLeft UIInterfaceOrientationLandscapeRight";
				INFOPLIST_KEY_UISupportedInterfaceOrientations_iPhone = "UIInterfaceOrientationPortrait UIInterfaceOrientationLandscapeLeft UIInterfaceOrientationLandscapeRight";
				IPHONEOS_DEPLOYMENT_TARGET = 15.0;
				LD_RUNPATH_SEARCH_PATHS = (
					"$(inherited)",
					"@executable_path/Frameworks",
				);
				MARKETING_VERSION = 1.0;
				PRODUCT_BUNDLE_IDENTIFIER = "Pavel-Bohomolnyi.Restart";
				PRODUCT_NAME = "$(TARGET_NAME)";
				SWIFT_EMIT_LOC_STRINGS = YES;
				SWIFT_VERSION = 5.0;
				TARGETED_DEVICE_FAMILY = "1,2";
			};
			name = Debug;
		};
		FAB6D6E2281A8F6C00D9B868 /* Release */ = {
			isa = XCBuildConfiguration;
			buildSettings = {
				ASSETCATALOG_COMPILER_APPICON_NAME = AppIcon;
				ASSETCATALOG_COMPILER_GLOBAL_ACCENT_COLOR_NAME = AccentColor;
				CODE_SIGN_STYLE = Automatic;
				CURRENT_PROJECT_VERSION = 1;
				DEVELOPMENT_ASSET_PATHS = "\"Restart/Preview Content\"";
				ENABLE_PREVIEWS = YES;
				GENERATE_INFOPLIST_FILE = YES;
				INFOPLIST_FILE = Restart/Info.plist;
				INFOPLIST_KEY_UIApplicationSceneManifest_Generation = YES;
				INFOPLIST_KEY_UIApplicationSupportsIndirectInputEvents = YES;
				INFOPLIST_KEY_UISupportedInterfaceOrientations = UIInterfaceOrientationPortrait;
				INFOPLIST_KEY_UISupportedInterfaceOrientations_iPad = "UIInterfaceOrientationPortrait UIInterfaceOrientationPortraitUpsideDown UIInterfaceOrientationLandscapeLeft UIInterfaceOrientationLandscapeRight";
				INFOPLIST_KEY_UISupportedInterfaceOrientations_iPhone = "UIInterfaceOrientationPortrait UIInterfaceOrientationLandscapeLeft UIInterfaceOrientationLandscapeRight";
				IPHONEOS_DEPLOYMENT_TARGET = 15.0;
				LD_RUNPATH_SEARCH_PATHS = (
					"$(inherited)",
					"@executable_path/Frameworks",
				);
				MARKETING_VERSION = 1.0;
				PRODUCT_BUNDLE_IDENTIFIER = "Pavel-Bohomolnyi.Restart";
				PRODUCT_NAME = "$(TARGET_NAME)";
				SWIFT_EMIT_LOC_STRINGS = YES;
				SWIFT_VERSION = 5.0;
				TARGETED_DEVICE_FAMILY = "1,2";
			};
			name = Release;
		};
/* End XCBuildConfiguration section */

/* Begin XCConfigurationList section */
		FAB6D6CD281A8F6900D9B868 /* Build configuration list for PBXProject "Restart" */ = {
			isa = XCConfigurationList;
			buildConfigurations = (
				FAB6D6DE281A8F6C00D9B868 /* Debug */,
				FAB6D6DF281A8F6C00D9B868 /* Release */,
			);
			defaultConfigurationIsVisible = 0;
			defaultConfigurationName = Release;
		};
		FAB6D6E0281A8F6C00D9B868 /* Build configuration list for PBXNativeTarget "Restart" */ = {
			isa = XCConfigurationList;
			buildConfigurations = (
				FAB6D6E1281A8F6C00D9B868 /* Debug */,
				FAB6D6E2281A8F6C00D9B868 /* Release */,
			);
			defaultConfigurationIsVisible = 0;
			defaultConfigurationName = Release;
		};
/* End XCConfigurationList section */
	};
	rootObject = FAB6D6CA281A8F6900D9B868 /* Project object */;
}
